
Microsoft Visual Studio Solution File, Format Version 12.00
# Visual Studio Version 16
VisualStudioVersion = 16.0.29806.167
MinimumVisualStudioVersion = 10.0.40219.1
Project("{FAE04EC0-301F-11D3-BF4B-00C04F79EFBC}") = "AlgorithmsAndDataStructures", "AlgorithmsAndDataStructures\AlgorithmsAndDataStructures.csproj", "{09B257F9-6638-44D2-BB43-8EDA00E8E3FD}"
EndProject
Project("{FAE04EC0-301F-11D3-BF4B-00C04F79EFBC}") = "Kattis", "Kattis\Kattis.csproj", "{28F6CD78-417D-4BA3-B9F6-B2C35E216C00}"
EndProject
Project("{FAE04EC0-301F-11D3-BF4B-00C04F79EFBC}") = "Kattis.Tests", "Kattis.Tests\Kattis.Tests.csproj", "{0FA6A689-4A67-45D1-9842-8BE2BF4B62F1}"
EndProject
Project("{FAE04EC0-301F-11D3-BF4B-00C04F79EFBC}") = "Util", "Util\Util.csproj", "{EFF6B27B-582D-4A61-B84D-B75966D84EC7}"
EndProject
Project("{FAE04EC0-301F-11D3-BF4B-00C04F79EFBC}") = "Util.Tests", "Util.Tests\Util.Tests.csproj", "{6B68D499-E433-4410-AED9-9CCA1F00DAF2}"
EndProject
Project("{F2A71F9B-5D33-465A-A702-920D77279786}") = "KattisF", "KattisF\KattisF.fsproj", "{2C1A1A2A-B3C2-4F91-9342-D487FF837AB7}"
EndProject
Project("{F2A71F9B-5D33-465A-A702-920D77279786}") = "KattisF.Tests", "KattisF.Tests\KattisF.Tests.fsproj", "{09152156-EEF2-4F7D-9F5F-706392E0791A}"
EndProject
Global
	GlobalSection(SolutionConfigurationPlatforms) = preSolution
		Debug|Any CPU = Debug|Any CPU
		Release|Any CPU = Release|Any CPU
	EndGlobalSection
	GlobalSection(ProjectConfigurationPlatforms) = postSolution
		{09B257F9-6638-44D2-BB43-8EDA00E8E3FD}.Debug|Any CPU.ActiveCfg = Debug|Any CPU
		{09B257F9-6638-44D2-BB43-8EDA00E8E3FD}.Debug|Any CPU.Build.0 = Debug|Any CPU
		{09B257F9-6638-44D2-BB43-8EDA00E8E3FD}.Release|Any CPU.ActiveCfg = Release|Any CPU
		{09B257F9-6638-44D2-BB43-8EDA00E8E3FD}.Release|Any CPU.Build.0 = Release|Any CPU
		{28F6CD78-417D-4BA3-B9F6-B2C35E216C00}.Debug|Any CPU.ActiveCfg = Debug|Any CPU
		{28F6CD78-417D-4BA3-B9F6-B2C35E216C00}.Debug|Any CPU.Build.0 = Debug|Any CPU
		{28F6CD78-417D-4BA3-B9F6-B2C35E216C00}.Release|Any CPU.ActiveCfg = Release|Any CPU
		{28F6CD78-417D-4BA3-B9F6-B2C35E216C00}.Release|Any CPU.Build.0 = Release|Any CPU
		{0FA6A689-4A67-45D1-9842-8BE2BF4B62F1}.Debug|Any CPU.ActiveCfg = Debug|Any CPU
		{0FA6A689-4A67-45D1-9842-8BE2BF4B62F1}.Debug|Any CPU.Build.0 = Debug|Any CPU
		{0FA6A689-4A67-45D1-9842-8BE2BF4B62F1}.Release|Any CPU.ActiveCfg = Release|Any CPU
		{0FA6A689-4A67-45D1-9842-8BE2BF4B62F1}.Release|Any CPU.Build.0 = Release|Any CPU
		{EFF6B27B-582D-4A61-B84D-B75966D84EC7}.Debug|Any CPU.ActiveCfg = Debug|Any CPU
		{EFF6B27B-582D-4A61-B84D-B75966D84EC7}.Debug|Any CPU.Build.0 = Debug|Any CPU
		{EFF6B27B-582D-4A61-B84D-B75966D84EC7}.Release|Any CPU.ActiveCfg = Release|Any CPU
		{EFF6B27B-582D-4A61-B84D-B75966D84EC7}.Release|Any CPU.Build.0 = Release|Any CPU
		{6B68D499-E433-4410-AED9-9CCA1F00DAF2}.Debug|Any CPU.ActiveCfg = Debug|Any CPU
		{6B68D499-E433-4410-AED9-9CCA1F00DAF2}.Debug|Any CPU.Build.0 = Debug|Any CPU
		{6B68D499-E433-4410-AED9-9CCA1F00DAF2}.Release|Any CPU.ActiveCfg = Release|Any CPU
		{6B68D499-E433-4410-AED9-9CCA1F00DAF2}.Release|Any CPU.Build.0 = Release|Any CPU
		{2C1A1A2A-B3C2-4F91-9342-D487FF837AB7}.Debug|Any CPU.ActiveCfg = Debug|Any CPU
		{2C1A1A2A-B3C2-4F91-9342-D487FF837AB7}.Debug|Any CPU.Build.0 = Debug|Any CPU
		{2C1A1A2A-B3C2-4F91-9342-D487FF837AB7}.Release|Any CPU.ActiveCfg = Release|Any CPU
		{2C1A1A2A-B3C2-4F91-9342-D487FF837AB7}.Release|Any CPU.Build.0 = Release|Any CPU
		{09152156-EEF2-4F7D-9F5F-706392E0791A}.Debug|Any CPU.ActiveCfg = Debug|Any CPU
		{09152156-EEF2-4F7D-9F5F-706392E0791A}.Debug|Any CPU.Build.0 = Debug|Any CPU
		{09152156-EEF2-4F7D-9F5F-706392E0791A}.Release|Any CPU.ActiveCfg = Release|Any CPU
		{09152156-EEF2-4F7D-9F5F-706392E0791A}.Release|Any CPU.Build.0 = Release|Any CPU
	EndGlobalSection
	GlobalSection(SolutionProperties) = preSolution
		HideSolutionNode = FALSE
	EndGlobalSection
	GlobalSection(ExtensibilityGlobals) = postSolution
		SolutionGuid = {8ADEA3BD-5FE7-4824-AF4D-78968916B709}
	EndGlobalSection
EndGlobal
