
Microsoft Visual Studio Solution File, Format Version 12.00
# Visual Studio Version 17
VisualStudioVersion = 17.4.33205.214
MinimumVisualStudioVersion = 10.0.40219.1
Project("{FAE04EC0-301F-11D3-BF4B-00C04F79EFBC}") = "1", "1\1.csproj", "{B7852110-4270-4080-8FF7-BC31822453EF}"
EndProject
Global
	GlobalSection(SolutionConfigurationPlatforms) = preSolution
		Debug|Any CPU = Debug|Any CPU
		Release|Any CPU = Release|Any CPU
	EndGlobalSection
	GlobalSection(ProjectConfigurationPlatforms) = postSolution
		{B7852110-4270-4080-8FF7-BC31822453EF}.Debug|Any CPU.ActiveCfg = Debug|Any CPU
		{B7852110-4270-4080-8FF7-BC31822453EF}.Debug|Any CPU.Build.0 = Debug|Any CPU
		{B7852110-4270-4080-8FF7-BC31822453EF}.Release|Any CPU.ActiveCfg = Release|Any CPU
		{B7852110-4270-4080-8FF7-BC31822453EF}.Release|Any CPU.Build.0 = Release|Any CPU
	EndGlobalSection
	GlobalSection(SolutionProperties) = preSolution
		HideSolutionNode = FALSE
	EndGlobalSection
	GlobalSection(ExtensibilityGlobals) = postSolution
		SolutionGuid = {4F35E5E8-EB8F-4543-B6E0-37E9C72A7CFD}
	EndGlobalSection
EndGlobal
